
Microsoft Visual Studio Solution File, Format Version 12.00
# Visual Studio 15
VisualStudioVersion = 15.0.27703.2035
MinimumVisualStudioVersion = 10.0.40219.1
Project("{9A19103F-16F7-4668-BE54-9A1E7A4F7556}") = "Test.Angular.SignalR", "Test.Angular.SignalR.csproj", "{C8B51E6D-BD5E-4B49-95E0-7D78A21B4DC7}"
EndProject
Global
	GlobalSection(SolutionConfigurationPlatforms) = preSolution
		Debug|Any CPU = Debug|Any CPU
		Release|Any CPU = Release|Any CPU
	EndGlobalSection
	GlobalSection(ProjectConfigurationPlatforms) = postSolution
		{C8B51E6D-BD5E-4B49-95E0-7D78A21B4DC7}.Debug|Any CPU.ActiveCfg = Debug|Any CPU
		{C8B51E6D-BD5E-4B49-95E0-7D78A21B4DC7}.Debug|Any CPU.Build.0 = Debug|Any CPU
		{C8B51E6D-BD5E-4B49-95E0-7D78A21B4DC7}.Release|Any CPU.ActiveCfg = Release|Any CPU
		{C8B51E6D-BD5E-4B49-95E0-7D78A21B4DC7}.Release|Any CPU.Build.0 = Release|Any CPU
	EndGlobalSection
	GlobalSection(SolutionProperties) = preSolution
		HideSolutionNode = FALSE
	EndGlobalSection
	GlobalSection(ExtensibilityGlobals) = postSolution
		SolutionGuid = {44554533-E153-404F-8CAC-C3E6A0ECB6FA}
	EndGlobalSection
EndGlobal
